// !$*UTF8*$!
{
	archiveVersion = 1;
	classes = {
	};
	objectVersion = 50;
	objects = {

/* Begin PBXBuildFile section */
		84C49C75215B2A830022D725 /* AppDelegate.swift in Sources */ = {isa = PBXBuildFile; fileRef = 84C49C74215B2A830022D725 /* AppDelegate.swift */; };
		84C49C77215B2A830022D725 /* ViewController.swift in Sources */ = {isa = PBXBuildFile; fileRef = 84C49C76215B2A830022D725 /* ViewController.swift */; };
		84C49C7A215B2A830022D725 /* Main.storyboard in Resources */ = {isa = PBXBuildFile; fileRef = 84C49C78215B2A830022D725 /* Main.storyboard */; };
		84C49C7C215B2A900022D725 /* Assets.xcassets in Resources */ = {isa = PBXBuildFile; fileRef = 84C49C7B215B2A900022D725 /* Assets.xcassets */; };
		84C49C7F215B2A900022D725 /* LaunchScreen.storyboard in Resources */ = {isa = PBXBuildFile; fileRef = 84C49C7D215B2A900022D725 /* LaunchScreen.storyboard */; };
		84C49C8A215B2A900022D725 /* hello_worldTests.swift in Sources */ = {isa = PBXBuildFile; fileRef = 84C49C89215B2A900022D725 /* hello_worldTests.swift */; };
		84C49C95215B2A900022D725 /* hello_worldUITests.swift in Sources */ = {isa = PBXBuildFile; fileRef = 84C49C94215B2A900022D725 /* hello_worldUITests.swift */; };
/* End PBXBuildFile section */

/* Begin PBXContainerItemProxy section */
		84C49C86215B2A900022D725 /* PBXContainerItemProxy */ = {
			isa = PBXContainerItemProxy;
			containerPortal = 84C49C69215B2A830022D725 /* Project object */;
			proxyType = 1;
			remoteGlobalIDString = 84C49C70215B2A830022D725;
			remoteInfo = "hello world";
		};
		84C49C91215B2A900022D725 /* PBXContainerItemProxy */ = {
			isa = PBXContainerItemProxy;
			containerPortal = 84C49C69215B2A830022D725 /* Project object */;
			proxyType = 1;
			remoteGlobalIDString = 84C49C70215B2A830022D725;
			remoteInfo = "hello world";
		};
/* End PBXContainerItemProxy section */

/* Begin PBXFileReference section */
		84C49C71215B2A830022D725 /* hello world.app */ = {isa = PBXFileReference; explicitFileType = wrapper.application; includeInIndex = 0; path = "hello world.app"; sourceTree = BUILT_PRODUCTS_DIR; };
		84C49C74215B2A830022D725 /* AppDelegate.swift */ = {isa = PBXFileReference; lastKnownFileType = sourcecode.swift; path = AppDelegate.swift; sourceTree = "<group>"; };
		84C49C76215B2A830022D725 /* ViewController.swift */ = {isa = PBXFileReference; lastKnownFileType = sourcecode.swift; path = ViewController.swift; sourceTree = "<group>"; };
		84C49C79215B2A830022D725 /* Base */ = {isa = PBXFileReference; lastKnownFileType = file.storyboard; name = Base; path = Base.lproj/Main.storyboard; sourceTree = "<group>"; };
		84C49C7B215B2A900022D725 /* Assets.xcassets */ = {isa = PBXFileReference; lastKnownFileType = folder.assetcatalog; path = Assets.xcassets; sourceTree = "<group>"; };
		84C49C7E215B2A900022D725 /* Base */ = {isa = PBXFileReference; lastKnownFileType = file.storyboard; name = Base; path = Base.lproj/LaunchScreen.storyboard; sourceTree = "<group>"; };
		84C49C80215B2A900022D725 /* Info.plist */ = {isa = PBXFileReference; lastKnownFileType = text.plist.xml; path = Info.plist; sourceTree = "<group>"; };
		84C49C85215B2A900022D725 /* hello worldTests.xctest */ = {isa = PBXFileReference; explicitFileType = wrapper.cfbundle; includeInIndex = 0; path = "hello worldTests.xctest"; sourceTree = BUILT_PRODUCTS_DIR; };
		84C49C89215B2A900022D725 /* hello_worldTests.swift */ = {isa = PBXFileReference; lastKnownFileType = sourcecode.swift; path = hello_worldTests.swift; sourceTree = "<group>"; };
		84C49C8B215B2A900022D725 /* Info.plist */ = {isa = PBXFileReference; lastKnownFileType = text.plist.xml; path = Info.plist; sourceTree = "<group>"; };
		84C49C90215B2A900022D725 /* hello worldUITests.xctest */ = {isa = PBXFileReference; explicitFileType = wrapper.cfbundle; includeInIndex = 0; path = "hello worldUITests.xctest"; sourceTree = BUILT_PRODUCTS_DIR; };
		84C49C94215B2A900022D725 /* hello_worldUITests.swift */ = {isa = PBXFileReference; lastKnownFileType = sourcecode.swift; path = hello_worldUITests.swift; sourceTree = "<group>"; };
		84C49C96215B2A900022D725 /* Info.plist */ = {isa = PBXFileReference; lastKnownFileType = text.plist.xml; path = Info.plist; sourceTree = "<group>"; };
/* End PBXFileReference section */

/* Begin PBXFrameworksBuildPhase section */
		84C49C6E215B2A830022D725 /* Frameworks */ = {
			isa = PBXFrameworksBuildPhase;
			buildActionMask = 2147483647;
			files = (
			);
			runOnlyForDeploymentPostprocessing = 0;
		};
		84C49C82215B2A900022D725 /* Frameworks */ = {
			isa = PBXFrameworksBuildPhase;
			buildActionMask = 2147483647;
			files = (
			);
			runOnlyForDeploymentPostprocessing = 0;
		};
		84C49C8D215B2A900022D725 /* Frameworks */ = {
			isa = PBXFrameworksBuildPhase;
			buildActionMask = 2147483647;
			files = (
			);
			runOnlyForDeploymentPostprocessing = 0;
		};
/* End PBXFrameworksBuildPhase section */

/* Begin PBXGroup section */
		84C49C68215B2A830022D725 = {
			isa = PBXGroup;
			children = (
				84C49C73215B2A830022D725 /* hello world */,
				84C49C88215B2A900022D725 /* hello worldTests */,
				84C49C93215B2A900022D725 /* hello worldUITests */,
				84C49C72215B2A830022D725 /* Products */,
			);
			sourceTree = "<group>";
		};
		84C49C72215B2A830022D725 /* Products */ = {
			isa = PBXGroup;
			children = (
				84C49C71215B2A830022D725 /* hello world.app */,
				84C49C85215B2A900022D725 /* hello worldTests.xctest */,
				84C49C90215B2A900022D725 /* hello worldUITests.xctest */,
			);
			name = Products;
			sourceTree = "<group>";
		};
		84C49C73215B2A830022D725 /* hello world */ = {
			isa = PBXGroup;
			children = (
				84C49C74215B2A830022D725 /* AppDelegate.swift */,
				84C49C76215B2A830022D725 /* ViewController.swift */,
				84C49C78215B2A830022D725 /* Main.storyboard */,
				84C49C7B215B2A900022D725 /* Assets.xcassets */,
				84C49C7D215B2A900022D725 /* LaunchScreen.storyboard */,
				84C49C80215B2A900022D725 /* Info.plist */,
			);
			path = "hello world";
			sourceTree = "<group>";
		};
		84C49C88215B2A900022D725 /* hello worldTests */ = {
			isa = PBXGroup;
			children = (
				84C49C89215B2A900022D725 /* hello_worldTests.swift */,
				84C49C8B215B2A900022D725 /* Info.plist */,
			);
			path = "hello worldTests";
			sourceTree = "<group>";
		};
		84C49C93215B2A900022D725 /* hello worldUITests */ = {
			isa = PBXGroup;
			children = (
				84C49C94215B2A900022D725 /* hello_worldUITests.swift */,
				84C49C96215B2A900022D725 /* Info.plist */,
			);
			path = "hello worldUITests";
			sourceTree = "<group>";
		};
/* End PBXGroup section */

/* Begin PBXNativeTarget section */
		84C49C70215B2A830022D725 /* hello world */ = {
			isa = PBXNativeTarget;
			buildConfigurationList = 84C49C99215B2A900022D725 /* Build configuration list for PBXNativeTarget "hello world" */;
			buildPhases = (
				84C49C6D215B2A830022D725 /* Sources */,
				84C49C6E215B2A830022D725 /* Frameworks */,
				84C49C6F215B2A830022D725 /* Resources */,
			);
			buildRules = (
			);
			dependencies = (
			);
			name = "hello world";
			productName = "hello world";
			productReference = 84C49C71215B2A830022D725 /* hello world.app */;
			productType = "com.apple.product-type.application";
		};
		84C49C84215B2A900022D725 /* hello worldTests */ = {
			isa = PBXNativeTarget;
			buildConfigurationList = 84C49C9C215B2A900022D725 /* Build configuration list for PBXNativeTarget "hello worldTests" */;
			buildPhases = (
				84C49C81215B2A900022D725 /* Sources */,
				84C49C82215B2A900022D725 /* Frameworks */,
				84C49C83215B2A900022D725 /* Resources */,
			);
			buildRules = (
			);
			dependencies = (
				84C49C87215B2A900022D725 /* PBXTargetDependency */,
			);
			name = "hello worldTests";
			productName = "hello worldTests";
			productReference = 84C49C85215B2A900022D725 /* hello worldTests.xctest */;
			productType = "com.apple.product-type.bundle.unit-test";
		};
		84C49C8F215B2A900022D725 /* hello worldUITests */ = {
			isa = PBXNativeTarget;
			buildConfigurationList = 84C49C9F215B2A900022D725 /* Build configuration list for PBXNativeTarget "hello worldUITests" */;
			buildPhases = (
				84C49C8C215B2A900022D725 /* Sources */,
				84C49C8D215B2A900022D725 /* Frameworks */,
				84C49C8E215B2A900022D725 /* Resources */,
			);
			buildRules = (
			);
			dependencies = (
				84C49C92215B2A900022D725 /* PBXTargetDependency */,
			);
			name = "hello worldUITests";
			productName = "hello worldUITests";
			productReference = 84C49C90215B2A900022D725 /* hello worldUITests.xctest */;
			productType = "com.apple.product-type.bundle.ui-testing";
		};
/* End PBXNativeTarget section */

/* Begin PBXProject section */
		84C49C69215B2A830022D725 /* Project object */ = {
			isa = PBXProject;
			attributes = {
				LastSwiftUpdateCheck = 1000;
				LastUpgradeCheck = 1000;
				ORGANIZATIONNAME = "Arik Rundquist";
				TargetAttributes = {
					84C49C70215B2A830022D725 = {
						CreatedOnToolsVersion = 10.0;
					};
					84C49C84215B2A900022D725 = {
						CreatedOnToolsVersion = 10.0;
						TestTargetID = 84C49C70215B2A830022D725;
					};
					84C49C8F215B2A900022D725 = {
						CreatedOnToolsVersion = 10.0;
						TestTargetID = 84C49C70215B2A830022D725;
					};
				};
			};
			buildConfigurationList = 84C49C6C215B2A830022D725 /* Build configuration list for PBXProject "hello world" */;
			compatibilityVersion = "Xcode 9.3";
			developmentRegion = en;
			hasScannedForEncodings = 0;
			knownRegions = (
				en,
				Base,
			);
			mainGroup = 84C49C68215B2A830022D725;
			productRefGroup = 84C49C72215B2A830022D725 /* Products */;
			projectDirPath = "";
			projectRoot = "";
			targets = (
				84C49C70215B2A830022D725 /* hello world */,
				84C49C84215B2A900022D725 /* hello worldTests */,
				84C49C8F215B2A900022D725 /* hello worldUITests */,
			);
		};
/* End PBXProject section */

/* Begin PBXResourcesBuildPhase section */
		84C49C6F215B2A830022D725 /* Resources */ = {
			isa = PBXResourcesBuildPhase;
			buildActionMask = 2147483647;
			files = (
				84C49C7F215B2A900022D725 /* LaunchScreen.storyboard in Resources */,
				84C49C7C215B2A900022D725 /* Assets.xcassets in Resources */,
				84C49C7A215B2A830022D725 /* Main.storyboard in Resources */,
			);
			runOnlyForDeploymentPostprocessing = 0;
		};
		84C49C83215B2A900022D725 /* Resources */ = {
			isa = PBXResourcesBuildPhase;
			buildActionMask = 2147483647;
			files = (
			);
			runOnlyForDeploymentPostprocessing = 0;
		};
		84C49C8E215B2A900022D725 /* Resources */ = {
			isa = PBXResourcesBuildPhase;
			buildActionMask = 2147483647;
			files = (
			);
			runOnlyForDeploymentPostprocessing = 0;
		};
/* End PBXResourcesBuildPhase section */

/* Begin PBXSourcesBuildPhase section */
		84C49C6D215B2A830022D725 /* Sources */ = {
			isa = PBXSourcesBuildPhase;
			buildActionMask = 2147483647;
			files = (
				84C49C77215B2A830022D725 /* ViewController.swift in Sources */,
				84C49C75215B2A830022D725 /* AppDelegate.swift in Sources */,
			);
			runOnlyForDeploymentPostprocessing = 0;
		};
		84C49C81215B2A900022D725 /* Sources */ = {
			isa = PBXSourcesBuildPhase;
			buildActionMask = 2147483647;
			files = (
				84C49C8A215B2A900022D725 /* hello_worldTests.swift in Sources */,
			);
			runOnlyForDeploymentPostprocessing = 0;
		};
		84C49C8C215B2A900022D725 /* Sources */ = {
			isa = PBXSourcesBuildPhase;
			buildActionMask = 2147483647;
			files = (
				84C49C95215B2A900022D725 /* hello_worldUITests.swift in Sources */,
			);
			runOnlyForDeploymentPostprocessing = 0;
		};
/* End PBXSourcesBuildPhase section */

/* Begin PBXTargetDependency section */
		84C49C87215B2A900022D725 /* PBXTargetDependency */ = {
			isa = PBXTargetDependency;
			target = 84C49C70215B2A830022D725 /* hello world */;
			targetProxy = 84C49C86215B2A900022D725 /* PBXContainerItemProxy */;
		};
		84C49C92215B2A900022D725 /* PBXTargetDependency */ = {
			isa = PBXTargetDependency;
			target = 84C49C70215B2A830022D725 /* hello world */;
			targetProxy = 84C49C91215B2A900022D725 /* PBXContainerItemProxy */;
		};
/* End PBXTargetDependency section */

/* Begin PBXVariantGroup section */
		84C49C78215B2A830022D725 /* Main.storyboard */ = {
			isa = PBXVariantGroup;
			children = (
				84C49C79215B2A830022D725 /* Base */,
			);
			name = Main.storyboard;
			sourceTree = "<group>";
		};
		84C49C7D215B2A900022D725 /* LaunchScreen.storyboard */ = {
			isa = PBXVariantGroup;
			children = (
				84C49C7E215B2A900022D725 /* Base */,
			);
			name = LaunchScreen.storyboard;
			sourceTree = "<group>";
		};
/* End PBXVariantGroup section */

/* Begin XCBuildConfiguration section */
		84C49C97215B2A900022D725 /* Debug */ = {
			isa = XCBuildConfiguration;
			buildSettings = {
				ALWAYS_SEARCH_USER_PATHS = NO;
				CLANG_ANALYZER_NONNULL = YES;
				CLANG_ANALYZER_NUMBER_OBJECT_CONVERSION = YES_AGGRESSIVE;
				CLANG_CXX_LANGUAGE_STANDARD = "gnu++14";
				CLANG_CXX_LIBRARY = "libc++";
				CLANG_ENABLE_MODULES = YES;
				CLANG_ENABLE_OBJC_ARC = YES;
				CLANG_ENABLE_OBJC_WEAK = YES;
				CLANG_WARN_BLOCK_CAPTURE_AUTORELEASING = YES;
				CLANG_WARN_BOOL_CONVERSION = YES;
				CLANG_WARN_COMMA = YES;
				CLANG_WARN_CONSTANT_CONVERSION = YES;
				CLANG_WARN_DEPRECATED_OBJC_IMPLEMENTATIONS = YES;
				CLANG_WARN_DIRECT_OBJC_ISA_USAGE = YES_ERROR;
				CLANG_WARN_DOCUMENTATION_COMMENTS = YES;
				CLANG_WARN_EMPTY_BODY = YES;
				CLANG_WARN_ENUM_CONVERSION = YES;
				CLANG_WARN_INFINITE_RECURSION = YES;
				CLANG_WARN_INT_CONVERSION = YES;
				CLANG_WARN_NON_LITERAL_NULL_CONVERSION = YES;
				CLANG_WARN_OBJC_IMPLICIT_RETAIN_SELF = YES;
				CLANG_WARN_OBJC_LITERAL_CONVERSION = YES;
				CLANG_WARN_OBJC_ROOT_CLASS = YES_ERROR;
				CLANG_WARN_RANGE_LOOP_ANALYSIS = YES;
				CLANG_WARN_STRICT_PROTOTYPES = YES;
				CLANG_WARN_SUSPICIOUS_MOVE = YES;
				CLANG_WARN_UNGUARDED_AVAILABILITY = YES_AGGRESSIVE;
				CLANG_WARN_UNREACHABLE_CODE = YES;
				CLANG_WARN__DUPLICATE_METHOD_MATCH = YES;
				CODE_SIGN_IDENTITY = "iPhone Developer";
				COPY_PHASE_STRIP = NO;
				DEBUG_INFORMATION_FORMAT = dwarf;
				ENABLE_STRICT_OBJC_MSGSEND = YES;
				ENABLE_TESTABILITY = YES;
				GCC_C_LANGUAGE_STANDARD = gnu11;
				GCC_DYNAMIC_NO_PIC = NO;
				GCC_NO_COMMON_BLOCKS = YES;
				GCC_OPTIMIZATION_LEVEL = 0;
				GCC_PREPROCESSOR_DEFINITIONS = (
					"DEBUG=1",
					"$(inherited)",
				);
				GCC_WARN_64_TO_32_BIT_CONVERSION = YES;
				GCC_WARN_ABOUT_RETURN_TYPE = YES_ERROR;
				GCC_WARN_UNDECLARED_SELECTOR = YES;
				GCC_WARN_UNINITIALIZED_AUTOS = YES_AGGRESSIVE;
				GCC_WARN_UNUSED_FUNCTION = YES;
				GCC_WARN_UNUSED_VARIABLE = YES;
				IPHONEOS_DEPLOYMENT_TARGET = 12.0;
				MTL_ENABLE_DEBUG_INFO = INCLUDE_SOURCE;
				MTL_FAST_MATH = YES;
				ONLY_ACTIVE_ARCH = YES;
				SDKROOT = iphoneos;
				SWIFT_ACTIVE_COMPILATION_CONDITIONS = DEBUG;
				SWIFT_OPTIMIZATION_LEVEL = "-Onone";
			};
			name = Debug;
		};
		84C49C98215B2A900022D725 /* Release */ = {
			isa = XCBuildConfiguration;
			buildSettings = {
				ALWAYS_SEARCH_USER_PATHS = NO;
				CLANG_ANALYZER_NONNULL = YES;
				CLANG_ANALYZER_NUMBER_OBJECT_CONVERSION = YES_AGGRESSIVE;
				CLANG_CXX_LANGUAGE_STANDARD = "gnu++14";
				CLANG_CXX_LIBRARY = "libc++";
				CLANG_ENABLE_MODULES = YES;
				CLANG_ENABLE_OBJC_ARC = YES;
				CLANG_ENABLE_OBJC_WEAK = YES;
				CLANG_WARN_BLOCK_CAPTURE_AUTORELEASING = YES;
				CLANG_WARN_BOOL_CONVERSION = YES;
				CLANG_WARN_COMMA = YES;
				CLANG_WARN_CONSTANT_CONVERSION = YES;
				CLANG_WARN_DEPRECATED_OBJC_IMPLEMENTATIONS = YES;
				CLANG_WARN_DIRECT_OBJC_ISA_USAGE = YES_ERROR;
				CLANG_WARN_DOCUMENTATION_COMMENTS = YES;
				CLANG_WARN_EMPTY_BODY = YES;
				CLANG_WARN_ENUM_CONVERSION = YES;
				CLANG_WARN_INFINITE_RECURSION = YES;
				CLANG_WARN_INT_CONVERSION = YES;
				CLANG_WARN_NON_LITERAL_NULL_CONVERSION = YES;
				CLANG_WARN_OBJC_IMPLICIT_RETAIN_SELF = YES;
				CLANG_WARN_OBJC_LITERAL_CONVERSION = YES;
				CLANG_WARN_OBJC_ROOT_CLASS = YES_ERROR;
				CLANG_WARN_RANGE_LOOP_ANALYSIS = YES;
				CLANG_WARN_STRICT_PROTOTYPES = YES;
				CLANG_WARN_SUSPICIOUS_MOVE = YES;
				CLANG_WARN_UNGUARDED_AVAILABILITY = YES_AGGRESSIVE;
				CLANG_WARN_UNREACHABLE_CODE = YES;
				CLANG_WARN__DUPLICATE_METHOD_MATCH = YES;
				CODE_SIGN_IDENTITY = "iPhone Developer";
				COPY_PHASE_STRIP = NO;
				DEBUG_INFORMATION_FORMAT = "dwarf-with-dsym";
				ENABLE_NS_ASSERTIONS = NO;
				ENABLE_STRICT_OBJC_MSGSEND = YES;
				GCC_C_LANGUAGE_STANDARD = gnu11;
				GCC_NO_COMMON_BLOCKS = YES;
				GCC_WARN_64_TO_32_BIT_CONVERSION = YES;
				GCC_WARN_ABOUT_RETURN_TYPE = YES_ERROR;
				GCC_WARN_UNDECLARED_SELECTOR = YES;
				GCC_WARN_UNINITIALIZED_AUTOS = YES_AGGRESSIVE;
				GCC_WARN_UNUSED_FUNCTION = YES;
				GCC_WARN_UNUSED_VARIABLE = YES;
				IPHONEOS_DEPLOYMENT_TARGET = 12.0;
				MTL_ENABLE_DEBUG_INFO = NO;
				MTL_FAST_MATH = YES;
				SDKROOT = iphoneos;
				SWIFT_COMPILATION_MODE = wholemodule;
				SWIFT_OPTIMIZATION_LEVEL = "-O";
				VALIDATE_PRODUCT = YES;
			};
			name = Release;
		};
		84C49C9A215B2A900022D725 /* Debug */ = {
			isa = XCBuildConfiguration;
			buildSettings = {
				ASSETCATALOG_COMPILER_APPICON_NAME = AppIcon;
				CODE_SIGN_STYLE = Automatic;
				INFOPLIST_FILE = "hello world/Info.plist";
				LD_RUNPATH_SEARCH_PATHS = (
					"$(inherited)",
					"@executable_path/Frameworks",
				);
				PRODUCT_BUNDLE_IDENTIFIER = "org.arikrundquist.hello-world";
				PRODUCT_NAME = "$(TARGET_NAME)";
				SWIFT_VERSION = 4.2;
				TARGETED_DEVICE_FAMILY = "1,2";
			};
			name = Debug;
		};
		84C49C9B215B2A900022D725 /* Release */ = {
			isa = XCBuildConfiguration;
			buildSettings = {
				ASSETCATALOG_COMPILER_APPICON_NAME = AppIcon;
				CODE_SIGN_STYLE = Automatic;
				INFOPLIST_FILE = "hello world/Info.plist";
				LD_RUNPATH_SEARCH_PATHS = (
					"$(inherited)",
					"@executable_path/Frameworks",
				);
				PRODUCT_BUNDLE_IDENTIFIER = "org.arikrundquist.hello-world";
				PRODUCT_NAME = "$(TARGET_NAME)";
				SWIFT_VERSION = 4.2;
				TARGETED_DEVICE_FAMILY = "1,2";
			};
			name = Release;
		};
		84C49C9D215B2A900022D725 /* Debug */ = {
			isa = XCBuildConfiguration;
			buildSettings = {
				ALWAYS_EMBED_SWIFT_STANDARD_LIBRARIES = YES;
				BUNDLE_LOADER = "$(TEST_HOST)";
				CODE_SIGN_STYLE = Automatic;
				INFOPLIST_FILE = "hello worldTests/Info.plist";
				LD_RUNPATH_SEARCH_PATHS = (
					"$(inherited)",
					"@executable_path/Frameworks",
					"@loader_path/Frameworks",
				);
				PRODUCT_BUNDLE_IDENTIFIER = "org.arikrundquist.hello-worldTests";
				PRODUCT_NAME = "$(TARGET_NAME)";
				SWIFT_VERSION = 4.2;
				TARGETED_DEVICE_FAMILY = "1,2";
				TEST_HOST = "$(BUILT_PRODUCTS_DIR)/hello world.app/hello world";
			};
			name = Debug;
		};
		84C49C9E215B2A900022D725 /* Release */ = {
			isa = XCBuildConfiguration;
			buildSettings = {
				ALWAYS_EMBED_SWIFT_STANDARD_LIBRARIES = YES;
				BUNDLE_LOADER = "$(TEST_HOST)";
				CODE_SIGN_STYLE = Automatic;
				INFOPLIST_FILE = "hello worldTests/Info.plist";
				LD_RUNPATH_SEARCH_PATHS = (
					"$(inherited)",
					"@executable_path/Frameworks",
					"@loader_path/Frameworks",
				);
				PRODUCT_BUNDLE_IDENTIFIER = "org.arikrundquist.hello-worldTests";
				PRODUCT_NAME = "$(TARGET_NAME)";
				SWIFT_VERSION = 4.2;
				TARGETED_DEVICE_FAMILY = "1,2";
				TEST_HOST = "$(BUILT_PRODUCTS_DIR)/hello world.app/hello world";
			};
			name = Release;
		};
		84C49CA0215B2A900022D725 /* Debug */ = {
			isa = XCBuildConfiguration;
			buildSettings = {
				ALWAYS_EMBED_SWIFT_STANDARD_LIBRARIES = YES;
				CODE_SIGN_STYLE = Automatic;
				INFOPLIST_FILE = "hello worldUITests/Info.plist";
				LD_RUNPATH_SEARCH_PATHS = (
					"$(inherited)",
					"@executable_path/Frameworks",
					"@loader_path/Frameworks",
				);
				PRODUCT_BUNDLE_IDENTIFIER = "org.arikrundquist.hello-worldUITests";
				PRODUCT_NAME = "$(TARGET_NAME)";
				SWIFT_VERSION = 4.2;
				TARGETED_DEVICE_FAMILY = "1,2";
				TEST_TARGET_NAME = "hello world";
			};
			name = Debug;
		};
		84C49CA1215B2A900022D725 /* Release */ = {
			isa = XCBuildConfiguration;
			buildSettings = {
				ALWAYS_EMBED_SWIFT_STANDARD_LIBRARIES = YES;
				CODE_SIGN_STYLE = Automatic;
				INFOPLIST_FILE = "hello worldUITests/Info.plist";
				LD_RUNPATH_SEARCH_PATHS = (
					"$(inherited)",
					"@executable_path/Frameworks",
					"@loader_path/Frameworks",
				);
				PRODUCT_BUNDLE_IDENTIFIER = "org.arikrundquist.hello-worldUITests";
				PRODUCT_NAME = "$(TARGET_NAME)";
				SWIFT_VERSION = 4.2;
				TARGETED_DEVICE_FAMILY = "1,2";
				TEST_TARGET_NAME = "hello world";
			};
			name = Release;
		};
/* End XCBuildConfiguration section */

/* Begin XCConfigurationList section */
		84C49C6C215B2A830022D725 /* Build configuration list for PBXProject "hello world" */ = {
			isa = XCConfigurationList;
			buildConfigurations = (
				84C49C97215B2A900022D725 /* Debug */,
				84C49C98215B2A900022D725 /* Release */,
			);
			defaultConfigurationIsVisible = 0;
			defaultConfigurationName = Release;
		};
		84C49C99215B2A900022D725 /* Build configuration list for PBXNativeTarget "hello world" */ = {
			isa = XCConfigurationList;
			buildConfigurations = (
				84C49C9A215B2A900022D725 /* Debug */,
				84C49C9B215B2A900022D725 /* Release */,
			);
			defaultConfigurationIsVisible = 0;
			defaultConfigurationName = Release;
		};
		84C49C9C215B2A900022D725 /* Build configuration list for PBXNativeTarget "hello worldTests" */ = {
			isa = XCConfigurationList;
			buildConfigurations = (
				84C49C9D215B2A900022D725 /* Debug */,
				84C49C9E215B2A900022D725 /* Release */,
			);
			defaultConfigurationIsVisible = 0;
			defaultConfigurationName = Release;
		};
		84C49C9F215B2A900022D725 /* Build configuration list for PBXNativeTarget "hello worldUITests" */ = {
			isa = XCConfigurationList;
			buildConfigurations = (
				84C49CA0215B2A900022D725 /* Debug */,
				84C49CA1215B2A900022D725 /* Release */,
			);
			defaultConfigurationIsVisible = 0;
			defaultConfigurationName = Release;
		};
/* End XCConfigurationList section */
	};
	rootObject = 84C49C69215B2A830022D725 /* Project object */;
}
